
Microsoft Visual Studio Solution File, Format Version 12.00
# Visual Studio Version 16
VisualStudioVersion = 16.0.32602.291
MinimumVisualStudioVersion = 10.0.40219.1
Project("{FAE04EC0-301F-11D3-BF4B-00C04F79EFBC}") = "collection", "collection\collection.csproj", "{E65D2D48-C1CE-45EE-8E50-0F43AD1D6248}"
EndProject
Global
	GlobalSection(SolutionConfigurationPlatforms) = preSolution
		Debug|Any CPU = Debug|Any CPU
		Release|Any CPU = Release|Any CPU
	EndGlobalSection
	GlobalSection(ProjectConfigurationPlatforms) = postSolution
		{E65D2D48-C1CE-45EE-8E50-0F43AD1D6248}.Debug|Any CPU.ActiveCfg = Debug|Any CPU
		{E65D2D48-C1CE-45EE-8E50-0F43AD1D6248}.Debug|Any CPU.Build.0 = Debug|Any CPU
		{E65D2D48-C1CE-45EE-8E50-0F43AD1D6248}.Release|Any CPU.ActiveCfg = Release|Any CPU
		{E65D2D48-C1CE-45EE-8E50-0F43AD1D6248}.Release|Any CPU.Build.0 = Release|Any CPU
	EndGlobalSection
	GlobalSection(SolutionProperties) = preSolution
		HideSolutionNode = FALSE
	EndGlobalSection
	GlobalSection(ExtensibilityGlobals) = postSolution
		SolutionGuid = {AD31CEDA-EC7F-44DA-8306-1F411687D43A}
	EndGlobalSection
EndGlobal
